
Microsoft Visual Studio Solution File, Format Version 12.00
# Visual Studio Version 17
VisualStudioVersion = 17.4.33103.184
MinimumVisualStudioVersion = 10.0.40219.1
Project("{FAE04EC0-301F-11D3-BF4B-00C04F79EFBC}") = "PrayForOffer", "PrayForOffer.csproj", "{9FBE1E86-BA3E-4BB6-BDB6-A7FBF8B55F9A}"
EndProject
Project("{FAE04EC0-301F-11D3-BF4B-00C04F79EFBC}") = "PrayForOfferTests", "..\PrayForOfferTests\PrayForOfferTests.csproj", "{61348D8D-964D-4A1D-ACD8-C4848DDDF6CD}"
EndProject
Global
	GlobalSection(SolutionConfigurationPlatforms) = preSolution
		Debug|Any CPU = Debug|Any CPU
		Release|Any CPU = Release|Any CPU
	EndGlobalSection
	GlobalSection(ProjectConfigurationPlatforms) = postSolution
		{9FBE1E86-BA3E-4BB6-BDB6-A7FBF8B55F9A}.Debug|Any CPU.ActiveCfg = Debug|Any CPU
		{9FBE1E86-BA3E-4BB6-BDB6-A7FBF8B55F9A}.Debug|Any CPU.Build.0 = Debug|Any CPU
		{9FBE1E86-BA3E-4BB6-BDB6-A7FBF8B55F9A}.Release|Any CPU.ActiveCfg = Release|Any CPU
		{9FBE1E86-BA3E-4BB6-BDB6-A7FBF8B55F9A}.Release|Any CPU.Build.0 = Release|Any CPU
		{61348D8D-964D-4A1D-ACD8-C4848DDDF6CD}.Debug|Any CPU.ActiveCfg = Debug|Any CPU
		{61348D8D-964D-4A1D-ACD8-C4848DDDF6CD}.Debug|Any CPU.Build.0 = Debug|Any CPU
		{61348D8D-964D-4A1D-ACD8-C4848DDDF6CD}.Release|Any CPU.ActiveCfg = Release|Any CPU
		{61348D8D-964D-4A1D-ACD8-C4848DDDF6CD}.Release|Any CPU.Build.0 = Release|Any CPU
	EndGlobalSection
	GlobalSection(SolutionProperties) = preSolution
		HideSolutionNode = FALSE
	EndGlobalSection
	GlobalSection(ExtensibilityGlobals) = postSolution
		SolutionGuid = {6AE46606-7FD2-4713-8278-690B0C317C60}
	EndGlobalSection
EndGlobal
